
Microsoft Visual Studio Solution File, Format Version 12.00
# Visual Studio Version 16
VisualStudioVersion = 16.0.29409.12
MinimumVisualStudioVersion = 10.0.40219.1
Project("{FAE04EC0-301F-11D3-BF4B-00C04F79EFBC}") = "send", "send\send.csproj", "{FB98D52F-BC69-4B7A-BAF3-DAB946DECF48}"
EndProject
Project("{FAE04EC0-301F-11D3-BF4B-00C04F79EFBC}") = "receive", "receive\receive.csproj", "{08B8D675-ABAE-43C3-84FE-E99443E24C98}"
EndProject
Global
	GlobalSection(SolutionConfigurationPlatforms) = preSolution
		Debug|Any CPU = Debug|Any CPU
		Release|Any CPU = Release|Any CPU
	EndGlobalSection
	GlobalSection(ProjectConfigurationPlatforms) = postSolution
		{FB98D52F-BC69-4B7A-BAF3-DAB946DECF48}.Debug|Any CPU.ActiveCfg = Debug|Any CPU
		{FB98D52F-BC69-4B7A-BAF3-DAB946DECF48}.Debug|Any CPU.Build.0 = Debug|Any CPU
		{FB98D52F-BC69-4B7A-BAF3-DAB946DECF48}.Release|Any CPU.ActiveCfg = Release|Any CPU
		{FB98D52F-BC69-4B7A-BAF3-DAB946DECF48}.Release|Any CPU.Build.0 = Release|Any CPU
		{08B8D675-ABAE-43C3-84FE-E99443E24C98}.Debug|Any CPU.ActiveCfg = Debug|Any CPU
		{08B8D675-ABAE-43C3-84FE-E99443E24C98}.Debug|Any CPU.Build.0 = Debug|Any CPU
		{08B8D675-ABAE-43C3-84FE-E99443E24C98}.Release|Any CPU.ActiveCfg = Release|Any CPU
		{08B8D675-ABAE-43C3-84FE-E99443E24C98}.Release|Any CPU.Build.0 = Release|Any CPU
	EndGlobalSection
	GlobalSection(SolutionProperties) = preSolution
		HideSolutionNode = FALSE
	EndGlobalSection
	GlobalSection(ExtensibilityGlobals) = postSolution
		SolutionGuid = {4F19D52A-B123-42CA-83B2-C5994D0E8991}
	EndGlobalSection
EndGlobal
